xml version encoding utf project tools version xmlns item group filter include imgui unique identifier fcb unique identifier filter filter include sources unique identifier eff unique identifier extensions cpp cxx def odl idl hpj bat asm asmx extensions filter item group item group compile include imgui cpp filter imgui filter compile compile include imgui demo cpp filter imgui filter compile compile include imgui draw cpp filter imgui filter compile compile include main cpp filter sources filter compile compile include backends imgui impl sdl cpp filter sources filter compile compile include imgui tables cpp filter imgui filter compile compile include imgui widgets cpp filter imgui filter compile compile include backends imgui impl sdlrenderer cpp filter sources filter compile item group item group include include imconfig filter imgui filter include include include imgui filter imgui filter include include include imgui internal filter imgui filter include include include backends imgui impl sdl filter sources filter include include include backends imgui impl sdlrenderer filter sources filter include item group item group include readme txt include misc debuggers imgui natvis filter imgui filter include misc debuggers imgui natstepfilter filter imgui filter item group project