microsoft visual studio solution file format version visual studio version visual studio version minimum visual studio version project ceb win directx win directx win directx vcxproj abadf project project ceb win directx win directx win directx vcxproj project project ceb win directx win directx win directx vcxproj project project ceb win directx win directx win directx vcxproj afe project project ceb glfw opengl glfw opengl glfw opengl vcxproj cda project project ceb glfw opengl glfw opengl glfw opengl vcxproj project project ceb glfw vulkan glfw vulkan glfw vulkan vcxproj project project ceb sdl directx sdl directx sdl directx vcxproj project project ceb sdl opengl sdl opengl sdl opengl vcxproj fde cac adab eda project project ceb sdl opengl sdl opengl sdl opengl vcxproj bbaeb project project ceb sdl vulkan sdl vulkan sdl vulkan vcxproj bae project project ceb win opengl win opengl win opengl vcxproj project project ceb sdl sdlrenderer sdl sdlrenderer sdl sdlrenderer vcxproj bea project global global solution configuration platforms pre solution debug win debug win debug debug release win release win release release global global project configuration platforms post solution abadf debug win active cfg debug win abadf debug win build debug win abadf debug active cfg debug abadf debug build debug abadf release win active cfg release win abadf release win build release win abadf release active cfg release abadf release build release debug win active cfg debug win debug win build debug win debug active cfg debug debug build debug release win active cfg release win release win build release win release active cfg release release build release debug win active cfg debug win debug win build debug win debug active cfg debug debug build debug release win active cfg release win release win build release win release active cfg release release build release afe debug win active cfg debug win afe debug win build debug win afe debug active cfg debug afe debug build debug afe release win active cfg release win afe release win build release win afe release active cfg release afe release build release cda debug win active cfg debug win cda debug win build debug win cda debug active cfg debug cda debug build debug cda release win active cfg release win cda release win build release win cda release active cfg release cda release build release debug win active cfg debug win debug win build debug win debug active cfg debug debug build debug release win active cfg release win release win build release win release active cfg release release build release debug win active cfg debug win debug win build debug win debug active cfg debug debug build debug release win active cfg release win release win build release win release active cfg release release build release debug win active cfg debug win debug win build debug win debug active cfg debug debug build debug release win active cfg release win release win build release win release active cfg release release build release fde cac adab eda debug win active cfg debug win fde cac adab eda debug win build debug win fde cac adab eda debug active cfg debug fde cac adab eda debug build debug fde cac adab eda release win active cfg release win fde cac adab eda release win build release win fde cac adab eda release active cfg release fde cac adab eda release build release bbaeb debug win active cfg debug win bbaeb debug win build debug win bbaeb debug active cfg debug bbaeb debug build debug bbaeb release win active cfg release win bbaeb release win build release win bbaeb release active cfg release bbaeb release build release bae debug win active cfg debug win bae debug win build debug win bae debug active cfg debug bae debug build debug bae release win active cfg release win bae release win build release win bae release active cfg release bae release build release debug win active cfg debug win debug win build debug win debug active cfg debug debug build debug release win active cfg release win release win build release win release active cfg release release build release bea debug win active cfg debug win bea debug win build debug win bea debug active cfg debug bea debug build debug bea release win active cfg release win bea release win build release win bea release active cfg release bea release build release global global solution properties pre solution hide solution node false global global extensibility globals post solution solution guid acfd adba bee global global