utf archive version classes object version objects pbx build file game controller framework frameworks isa pbx build file file game controller framework imgui widgets cpp sources isa pbx build file file imgui widgets cpp imgui widgets cpp sources isa pbx build file file imgui widgets cpp imgui tables cpp sources isa pbx build file file imgui tables cpp ccaaa kit framework frameworks isa pbx build file file ccaaa kit framework bda ccc main sources isa pbx build file file bda ccbc main bda ccc main sources isa pbx build file file bda ccbc main bdbb cccad imgui impl metal sources isa pbx build file file bdb ccc imgui impl metal bdbe cccb imgui impl metal sources isa pbx build file file bdb ccc imgui impl metal bdbf cccb imgui impl osx sources isa pbx build file file bdb ccc imgui impl osx bdc cccfe app kit framework frameworks isa pbx build file file bdc cccfe app kit framework bdfc cdab launch screen storyboard resources isa pbx build file file bdf cdaae launch screen storyboard cdab main menu storyboard resources isa pbx build file file bdfa cdaae main menu storyboard bbe metal framework frameworks isa pbx build file file bbe metal framework bbe metal kit framework frameworks isa pbx build file file bbe metal kit framework bbe metal kit framework frameworks isa pbx build file file bbe metal kit framework bbe metal framework frameworks isa pbx build file file bbe metal framework bbea imgui draw cpp sources isa pbx build file file bbea imgui draw cpp bbea imgui draw cpp sources isa pbx build file file bbea imgui draw cpp bbea imgui demo cpp sources isa pbx build file file bbea imgui demo cpp bbea imgui demo cpp sources isa pbx build file file bbea imgui demo cpp bbea imgui cpp sources isa pbx build file file bbea imgui cpp bbea imgui cpp sources isa pbx build file file bbea imgui cpp pbx build file pbx file reference game controller framework isa pbx file reference file type wrapper framework game controller framework path library frameworks game controller framework source tree sdkroot imgui internal isa pbx file reference file encoding file type sourcecode imgui internal path imgui internal source tree group imgui widgets cpp isa pbx file reference file encoding file type sourcecode cpp cpp imgui widgets cpp path imgui widgets cpp source tree group imgui tables cpp isa pbx file reference file encoding file type sourcecode cpp cpp imgui tables cpp path imgui tables cpp source tree group apple metal app isa pbx file reference explicit file type wrapper application include path apple metal app source tree built products dir apple metal app isa pbx file reference explicit file type wrapper application include path apple metal app source tree built products dir ccaaa kit framework isa pbx file reference file type wrapper framework kit framework path platforms phone platform developer phone sdk library frameworks kit framework source tree developer dir bda ccbc main isa pbx file reference file type sourcecode cpp objcpp path main source tree group bdb ccc imgui impl metal isa pbx file reference file type sourcecode cpp objcpp imgui impl metal path backends imgui impl metal source tree group bdb ccc imgui impl osx isa pbx file reference file type sourcecode cpp objcpp imgui impl osx path backends imgui impl osx source tree group bdc cccfe app kit framework isa pbx file reference file type wrapper framework app kit framework path library frameworks app kit framework source tree sdkroot bdf cdaae launch screen storyboard isa pbx file reference file type file storyboard path launch screen storyboard source tree group bdf cdaae info plist isa pbx file reference file type text plist xml path info plist source tree group bdfa cdaae main menu storyboard isa pbx file reference file type file storyboard path main menu storyboard source tree group bdfb cdaae info mac plist isa pbx file reference file type text plist xml path info mac plist source tree group bbe metal framework isa pbx file reference file type wrapper framework metal framework path platforms phone platform developer phone sdk library frameworks metal framework source tree developer dir bbe metal kit framework isa pbx file reference file type wrapper framework metal kit framework path platforms phone platform developer phone sdk library frameworks metal kit framework source tree developer dir bbe model framework isa pbx file reference file type wrapper framework model framework path platforms phone platform developer phone sdk library frameworks model framework source tree developer dir bbe metal kit framework isa pbx file reference file type wrapper framework metal kit framework path library frameworks metal kit framework source tree sdkroot bbe metal framework isa pbx file reference file type wrapper framework metal framework path library frameworks metal framework source tree sdkroot bbe model framework isa pbx file reference file type wrapper framework model framework path library frameworks model framework source tree sdkroot bbea imgui isa pbx file reference file encoding file type sourcecode imgui path imgui source tree group bbea imgui draw cpp isa pbx file reference file encoding file type sourcecode cpp cpp imgui draw cpp path imgui draw cpp source tree group bbea imgui demo cpp isa pbx file reference file encoding file type sourcecode cpp cpp imgui demo cpp path imgui demo cpp source tree group bbea imgui cpp isa pbx file reference file encoding file type sourcecode cpp cpp imgui cpp path imgui cpp source tree group bbea imconfig isa pbx file reference file encoding file type sourcecode imconfig path imconfig source tree group pbx file reference pbx frameworks build phase frameworks isa pbx frameworks build phase build action mask files ccaaa kit framework frameworks bbe metal kit framework frameworks bbe metal framework frameworks deployment postprocessing frameworks isa pbx frameworks build phase build action mask files bdc cccfe app kit framework frameworks bbe metal kit framework frameworks game controller framework frameworks bbe metal framework frameworks deployment postprocessing pbx frameworks build phase pbx group isa pbx group children bbe imgui ccba products bbe frameworks source tree group products isa pbx group children apple metal app apple metal app products source tree group ccba isa pbx group children bdf cdaae bdf cdaae mac bda ccbc main source tree group bdf cdaae isa pbx group children bdf cdaae launch screen storyboard bdf cdaae info plist path source tree group bdf cdaae mac isa pbx group children bdfa cdaae main menu storyboard bdfb cdaae info mac plist path mac source tree group bbe frameworks isa pbx group children game controller framework bdc cccfe app kit framework ccaaa kit framework bbe model framework bbe metal framework bbe metal kit framework bbe model framework bbe metal kit framework bbe metal framework frameworks source tree group bbe imgui isa pbx group children imgui tables cpp bdb ccc imgui impl metal bdb ccc imgui impl osx bbea imconfig bbea imgui cpp bbea imgui bbea imgui demo cpp bbea imgui draw cpp imgui internal imgui widgets cpp imgui source tree group pbx group pbx native target apple metal ios isa pbx native target build configuration list build configuration list pbx native target apple metal ios build phases sources frameworks resources build rules dependencies apple metal ios product imguiex product reference apple metal app product type apple product type application apple metal macos isa pbx native target build configuration list build configuration list pbx native target apple metal macos build phases sources frameworks resources build rules dependencies apple metal macos product imguiex mac product reference apple metal app product type apple product type application pbx native target pbx project project object isa pbx project attributes upgrade check organizationname warren moore target attributes created tools version provisioning style automatic created tools version provisioning style automatic build configuration list build configuration list pbx project apple metal compatibility version xcode development region scanned encodings regions base main group product group products project dir path project root targets apple metal ios apple metal macos pbx project pbx resources build phase resources isa pbx resources build phase build action mask files bdfc cdab launch screen storyboard resources deployment postprocessing resources isa pbx resources build phase build action mask files cdab main menu storyboard resources deployment postprocessing pbx resources build phase pbx sources build phase sources isa pbx sources build phase build action mask files bdbb cccad imgui impl metal sources bbea imgui cpp sources bbea imgui demo cpp sources bbea imgui draw cpp sources imgui tables cpp sources imgui widgets cpp sources bda ccc main sources deployment postprocessing sources isa pbx sources build phase build action mask files bdbe cccb imgui impl metal sources bdbf cccb imgui impl osx sources bbea imgui cpp sources bbea imgui demo cpp sources bbea imgui draw cpp sources imgui tables cpp sources imgui widgets cpp sources bda ccc main sources deployment postprocessing pbx sources build phase build configuration debug isa build configuration build settings search user paths clang analyzer nonnull clang analyzer number object conversion aggressive clang cxx language standard gnu clang cxx library libc clang enable modules clang enable objc arc clang enable objc weak clang warn block capture autoreleasing clang warn bool conversion clang warn comma clang warn constant conversion clang warn deprecated objc implementations clang warn direct objc isa usage error clang warn documentation comments clang warn body clang warn enum conversion clang warn infinite recursion clang warn int conversion clang warn literal null conversion clang warn objc implicit retain clang warn objc literal conversion clang warn objc root class error clang warn quoted include framework header clang warn range loop analysis clang warn strict prototypes clang warn suspicious clang warn unguarded availability aggressive clang warn unreachable code clang warn duplicate method match copy phase strip debug format dwarf enable strict objc msgsend enable testability gcc language standard gnu gcc dynamic pic gcc common blocks gcc optimization level gcc preprocessor definitions debug inherited gcc warn bit conversion gcc warn return type error gcc warn undeclared selector gcc warn uninitialized autos aggressive gcc warn unused function gcc warn unused variable mtl enable debug info active arch debug release isa build configuration build settings search user paths clang analyzer nonnull clang analyzer number object conversion aggressive clang cxx language standard gnu clang cxx library libc clang enable modules clang enable objc arc clang enable objc weak clang warn block capture autoreleasing clang warn bool conversion clang warn comma clang warn constant conversion clang warn deprecated objc implementations clang warn direct objc isa usage error clang warn documentation comments clang warn body clang warn enum conversion clang warn infinite recursion clang warn int conversion clang warn literal null conversion clang warn objc implicit retain clang warn objc literal conversion clang warn objc root class error clang warn quoted include framework header clang warn range loop analysis clang warn strict prototypes clang warn suspicious clang warn unguarded availability aggressive clang warn unreachable code clang warn duplicate method match copy phase strip debug format dwarf dsym enable assertions enable strict objc msgsend gcc language standard gnu gcc common blocks gcc warn bit conversion gcc warn return type error gcc warn undeclared selector gcc warn uninitialized autos aggressive gcc warn unused function gcc warn unused variable mtl enable debug info release debug isa build configuration build settings code sign identity phone developer code sign style automatic development team infoplist file srcroot info plist iphoneos deployment target runpath search paths inherited executable path frameworks product bundle identifier org imgui apple metal ios product apple metal sdkroot iphoneos targeted device family user header search paths srcroot debug release isa build configuration build settings code sign identity phone developer code sign style automatic development team infoplist file srcroot info plist iphoneos deployment target runpath search paths inherited executable path frameworks product bundle identifier org imgui apple metal ios product apple metal sdkroot iphoneos targeted device family user header search paths srcroot validate product release debug isa build configuration build settings code sign identity code sign style automatic combine hidpi images development team infoplist file srcroot mac info mac plist runpath search paths inherited executable path frameworks macosx deployment target product bundle identifier org imgui apple metal macos product apple metal sdkroot macosx user header search paths srcroot debug release isa build configuration build settings code sign identity code sign style automatic combine hidpi images development team infoplist file srcroot mac info mac plist runpath search paths inherited executable path frameworks macosx deployment target product bundle identifier org imgui apple metal macos product apple metal sdkroot macosx user header search paths srcroot release build configuration configuration list build configuration list pbx project apple metal isa configuration list build configurations debug release default configuration visible default configuration release build configuration list pbx native target apple metal ios isa configuration list build configurations debug release default configuration visible default configuration release build configuration list pbx native target apple metal macos isa configuration list build configurations debug release default configuration visible default configuration release configuration list root object project object