utf archive version classes object version objects pbx build file fcb game controller framework frameworks isa pbx build file file fcb game controller framework edb imgui widgets cpp sources isa pbx build file file eda imgui widgets cpp main sources isa pbx build file file main imgui impl opengl cpp sources isa pbx build file file imgui impl opengl cpp imgui demo cpp sources isa pbx build file file imgui demo cpp imgui cpp sources isa pbx build file file imgui cpp imgui draw cpp sources isa pbx build file file imgui draw cpp imgui impl osx sources isa pbx build file file imgui impl osx cocoa framework frameworks isa pbx build file file cocoa framework open framework frameworks isa pbx build file file open framework imgui tables cpp sources isa pbx build file file imgui tables cpp pbx build file pbx copy files build phase copy files isa pbx copy files build phase build action mask dst path usr share man man dst subfolder spec files deployment postprocessing pbx copy files build phase pbx file reference fcb game controller framework isa pbx file reference file type wrapper framework game controller framework path library frameworks game controller framework source tree sdkroot eda imgui widgets cpp isa pbx file reference file encoding file type sourcecode cpp cpp imgui widgets cpp path imgui widgets cpp source tree group osx opengl isa pbx file reference explicit file type compiled mach executable include path osx opengl source tree built products dir main isa pbx file reference file encoding file type sourcecode cpp objcpp path main source tree source root imgui impl opengl cpp isa pbx file reference file encoding file type sourcecode cpp cpp imgui impl opengl cpp path backends imgui impl opengl cpp source tree group imgui impl osx isa pbx file reference file encoding file type sourcecode cpp objcpp imgui impl osx path backends imgui impl osx source tree group imgui impl opengl isa pbx file reference file encoding file type sourcecode imgui impl opengl path backends imgui impl opengl source tree group imgui impl osx isa pbx file reference file encoding file type sourcecode imgui impl osx path backends imgui impl osx source tree group imgui internal isa pbx file reference file encoding file type sourcecode imgui internal path imgui internal source tree group imgui demo cpp isa pbx file reference file encoding file type sourcecode cpp cpp imgui demo cpp path imgui demo cpp source tree group imgui cpp isa pbx file reference file encoding file type sourcecode cpp cpp imgui cpp path imgui cpp source tree group imgui isa pbx file reference file encoding file type sourcecode imgui path imgui source tree group imgui draw cpp isa pbx file reference file encoding file type sourcecode cpp cpp imgui draw cpp path imgui draw cpp source tree group imconfig isa pbx file reference file encoding file type sourcecode imconfig path imconfig source tree group cocoa framework isa pbx file reference file type wrapper framework cocoa framework path library frameworks cocoa framework source tree sdkroot open framework isa pbx file reference file type wrapper framework open framework path library frameworks open framework source tree sdkroot imgui tables cpp isa pbx file reference file encoding file type sourcecode cpp cpp imgui tables cpp path imgui tables cpp source tree group pbx file reference pbx frameworks build phase frameworks isa pbx frameworks build phase build action mask files open framework frameworks cocoa framework frameworks fcb game controller framework frameworks deployment postprocessing pbx frameworks build phase pbx group isa pbx group children imgui tables cpp imconfig imgui cpp imgui eda imgui widgets cpp imgui demo cpp imgui draw cpp imgui internal imgui impl opengl cpp imgui impl opengl imgui impl osx imgui impl osx main products frameworks source tree group products isa pbx group children osx opengl products source tree group frameworks isa pbx group children fcb game controller framework open framework cocoa framework frameworks source tree group pbx group pbx native target osx opengl isa pbx native target build configuration list build configuration list pbx native target osx opengl build phases sources frameworks copy files build rules dependencies osx opengl product osx opengl product reference osx opengl product type apple product type tool pbx native target pbx project project object isa pbx project attributes upgrade check organizationname gui target attributes created tools version provisioning style automatic build configuration list build configuration list pbx project apple opengl compatibility version xcode development region scanned encodings regions main group product group products project dir path project root targets osx opengl pbx project pbx sources build phase sources isa pbx sources build phase build action mask files main sources imgui demo cpp sources imgui draw cpp sources imgui impl opengl cpp sources imgui impl osx sources imgui cpp sources imgui tables cpp sources edb imgui widgets cpp sources deployment postprocessing pbx sources build phase build configuration debug isa build configuration build settings search user paths clang analyzer nonnull clang analyzer number object conversion aggressive clang cxx language standard gnu clang cxx library libc clang enable modules clang enable objc arc clang enable objc weak clang warn block capture autoreleasing clang warn bool conversion clang warn comma clang warn constant conversion clang warn deprecated objc implementations clang warn direct objc isa usage error clang warn documentation comments clang warn body clang warn enum conversion clang warn infinite recursion clang warn int conversion clang warn literal null conversion clang warn objc implicit retain clang warn objc literal conversion clang warn objc root class error clang warn range loop analysis clang warn strict prototypes clang warn suspicious clang warn unguarded availability aggressive clang warn unreachable code clang warn duplicate method match code sign identity copy phase strip debug format dwarf enable strict objc msgsend enable testability gcc language standard gnu gcc dynamic pic gcc common blocks gcc optimization level gcc preprocessor definitions debug inherited gcc warn bit conversion gcc warn return type error gcc warn undeclared selector gcc warn uninitialized autos aggressive gcc warn unused function gcc warn unused variable macosx deployment target mtl enable debug info active arch sdkroot macosx debug release isa build configuration build settings search user paths clang analyzer nonnull clang analyzer number object conversion aggressive clang cxx language standard gnu clang cxx library libc clang enable modules clang enable objc arc clang enable objc weak clang warn block capture autoreleasing clang warn bool conversion clang warn comma clang warn constant conversion clang warn deprecated objc implementations clang warn direct objc isa usage error clang warn documentation comments clang warn body clang warn enum conversion clang warn infinite recursion clang warn int conversion clang warn literal null conversion clang warn objc implicit retain clang warn objc literal conversion clang warn objc root class error clang warn range loop analysis clang warn strict prototypes clang warn suspicious clang warn unguarded availability aggressive clang warn unreachable code clang warn duplicate method match code sign identity copy phase strip debug format dwarf dsym enable assertions enable strict objc msgsend gcc language standard gnu gcc common blocks gcc warn bit conversion gcc warn return type error gcc warn undeclared selector gcc warn uninitialized autos aggressive gcc warn unused function gcc warn unused variable macosx deployment target mtl enable debug info sdkroot macosx release debug isa build configuration build settings code sign style automatic macosx deployment target product target user header search paths debug release isa build configuration build settings code sign style automatic macosx deployment target product target user header search paths release build configuration configuration list build configuration list pbx project apple opengl isa configuration list build configurations debug release default configuration visible default configuration release build configuration list pbx native target osx opengl isa configuration list build configurations debug release default configuration visible default configuration release configuration list root object project object